// !$*UTF8*$!
{
	archiveVersion = 1;
	classes = {
	};
	objectVersion = 46;
	objects = {

/* Begin PBXBuildFile section */
		68599F66185CFFA681CC5399 /* Pods_rxswift_examplesTests.framework in Frameworks */ = {isa = PBXBuildFile; fileRef = 395BDD6CFB8E6896EC2514EC /* Pods_rxswift_examplesTests.framework */; };
		C8DE9AF0366CC7E3FFD1A44E /* Pods_rxswift_examples.framework in Frameworks */ = {isa = PBXBuildFile; fileRef = 4FADA626FC622E3C45106CF3 /* Pods_rxswift_examples.framework */; };
		FF54E4BC1C04A71E00914A86 /* RxHttpClient.swift in Sources */ = {isa = PBXBuildFile; fileRef = FF54E4BB1C04A71E00914A86 /* RxHttpClient.swift */; };
		FF54E4BE1C04A74700914A86 /* RxHttpUtils.swift in Sources */ = {isa = PBXBuildFile; fileRef = FF54E4BD1C04A74700914A86 /* RxHttpUtils.swift */; };
		FF54E4C01C04A76900914A86 /* HttpMethod.swift in Sources */ = {isa = PBXBuildFile; fileRef = FF54E4BF1C04A76900914A86 /* HttpMethod.swift */; };
		FF54E4C21C04A78000914A86 /* DefaultRxHttpClient.swift in Sources */ = {isa = PBXBuildFile; fileRef = FF54E4C11C04A78000914A86 /* DefaultRxHttpClient.swift */; };
		FF7F4A151C1DF99C00A84CBE /* SliderSample.storyboard in Resources */ = {isa = PBXBuildFile; fileRef = FF7F4A141C1DF99C00A84CBE /* SliderSample.storyboard */; };
		FF7F4A171C1DFA5300A84CBE /* SliderSampleViewController.swift in Sources */ = {isa = PBXBuildFile; fileRef = FF7F4A161C1DFA5300A84CBE /* SliderSampleViewController.swift */; };
		FFAAA46A1D1B054200B52537 /* ThumbnailSampleViewController.swift in Sources */ = {isa = PBXBuildFile; fileRef = FFAAA4691D1B054200B52537 /* ThumbnailSampleViewController.swift */; };
		FFAAA46C1D1B056200B52537 /* ThumbnailSample.storyboard in Resources */ = {isa = PBXBuildFile; fileRef = FFAAA46B1D1B056200B52537 /* ThumbnailSample.storyboard */; };
		FFAAA46E1D1B081600B52537 /* ThumbnailCell.xib in Resources */ = {isa = PBXBuildFile; fileRef = FFAAA46D1D1B081600B52537 /* ThumbnailCell.xib */; };
		FFAAA4701D1B091800B52537 /* ThumbnailCell.swift in Sources */ = {isa = PBXBuildFile; fileRef = FFAAA46F1D1B091800B52537 /* ThumbnailCell.swift */; };
		FFAAA4721D1B0B7E00B52537 /* UIUtils.swift in Sources */ = {isa = PBXBuildFile; fileRef = FFAAA4711D1B0B7E00B52537 /* UIUtils.swift */; };
		FFB245821C1DDCF7003AA3BE /* ButtonSample.storyboard in Resources */ = {isa = PBXBuildFile; fileRef = FFB245811C1DDCF7003AA3BE /* ButtonSample.storyboard */; };
		FFB245841C1DDD97003AA3BE /* ButtonSampleViewController.swift in Sources */ = {isa = PBXBuildFile; fileRef = FFB245831C1DDD97003AA3BE /* ButtonSampleViewController.swift */; };
		FFB245861C1DE381003AA3BE /* StoryBoard.swift in Sources */ = {isa = PBXBuildFile; fileRef = FFB245851C1DE381003AA3BE /* StoryBoard.swift */; };
		FFB245891C1DE8AD003AA3BE /* TextFieldSample.storyboard in Resources */ = {isa = PBXBuildFile; fileRef = FFB245881C1DE8AD003AA3BE /* TextFieldSample.storyboard */; };
		FFB2458B1C1DE8BE003AA3BE /* TextFieldSampleViewController.swift in Sources */ = {isa = PBXBuildFile; fileRef = FFB2458A1C1DE8BE003AA3BE /* TextFieldSampleViewController.swift */; };
		FFD1D0C11C032D9500FDA882 /* AppDelegate.swift in Sources */ = {isa = PBXBuildFile; fileRef = FFD1D0C01C032D9500FDA882 /* AppDelegate.swift */; };
		FFD1D0C31C032D9500FDA882 /* ViewController.swift in Sources */ = {isa = PBXBuildFile; fileRef = FFD1D0C21C032D9500FDA882 /* ViewController.swift */; };
		FFD1D0C61C032D9500FDA882 /* Main.storyboard in Resources */ = {isa = PBXBuildFile; fileRef = FFD1D0C41C032D9500FDA882 /* Main.storyboard */; };
		FFD1D0C81C032D9500FDA882 /* Assets.xcassets in Resources */ = {isa = PBXBuildFile; fileRef = FFD1D0C71C032D9500FDA882 /* Assets.xcassets */; };
		FFD1D0CB1C032D9500FDA882 /* LaunchScreen.storyboard in Resources */ = {isa = PBXBuildFile; fileRef = FFD1D0C91C032D9500FDA882 /* LaunchScreen.storyboard */; };
		FFD1D0D61C032D9500FDA882 /* rxswift_examplesTests.swift in Sources */ = {isa = PBXBuildFile; fileRef = FFD1D0D51C032D9500FDA882 /* rxswift_examplesTests.swift */; };
/* End PBXBuildFile section */

/* Begin PBXContainerItemProxy section */
		FFD1D0D21C032D9500FDA882 /* PBXContainerItemProxy */ = {
			isa = PBXContainerItemProxy;
			containerPortal = FFD1D0B51C032D9500FDA882 /* Project object */;
			proxyType = 1;
			remoteGlobalIDString = FFD1D0BC1C032D9500FDA882;
			remoteInfo = "rxswift-examples";
		};
/* End PBXContainerItemProxy section */

/* Begin PBXFileReference section */
		1D48A32CDF98C43A04D66F7E /* Pods-rxswift-examplesTests.release.xcconfig */ = {isa = PBXFileReference; includeInIndex = 1; lastKnownFileType = text.xcconfig; name = "Pods-rxswift-examplesTests.release.xcconfig"; path = "Pods/Target Support Files/Pods-rxswift-examplesTests/Pods-rxswift-examplesTests.release.xcconfig"; sourceTree = "<group>"; };
		395BDD6CFB8E6896EC2514EC /* Pods_rxswift_examplesTests.framework */ = {isa = PBXFileReference; explicitFileType = wrapper.framework; includeInIndex = 0; path = Pods_rxswift_examplesTests.framework; sourceTree = BUILT_PRODUCTS_DIR; };
		3EA4A085C356A60D185C8FD7 /* Pods-rxswift-examplesTests.debug.xcconfig */ = {isa = PBXFileReference; includeInIndex = 1; lastKnownFileType = text.xcconfig; name = "Pods-rxswift-examplesTests.debug.xcconfig"; path = "Pods/Target Support Files/Pods-rxswift-examplesTests/Pods-rxswift-examplesTests.debug.xcconfig"; sourceTree = "<group>"; };
		4FADA626FC622E3C45106CF3 /* Pods_rxswift_examples.framework */ = {isa = PBXFileReference; explicitFileType = wrapper.framework; includeInIndex = 0; path = Pods_rxswift_examples.framework; sourceTree = BUILT_PRODUCTS_DIR; };
		73C34CDE290FF95D53500550 /* Pods-rxswift-examples.debug.xcconfig */ = {isa = PBXFileReference; includeInIndex = 1; lastKnownFileType = text.xcconfig; name = "Pods-rxswift-examples.debug.xcconfig"; path = "Pods/Target Support Files/Pods-rxswift-examples/Pods-rxswift-examples.debug.xcconfig"; sourceTree = "<group>"; };
		C0807C7A2C22D67CF2CEF144 /* Pods-rxswift-examples.release.xcconfig */ = {isa = PBXFileReference; includeInIndex = 1; lastKnownFileType = text.xcconfig; name = "Pods-rxswift-examples.release.xcconfig"; path = "Pods/Target Support Files/Pods-rxswift-examples/Pods-rxswift-examples.release.xcconfig"; sourceTree = "<group>"; };
		FF54E4BB1C04A71E00914A86 /* RxHttpClient.swift */ = {isa = PBXFileReference; fileEncoding = 4; lastKnownFileType = sourcecode.swift; path = RxHttpClient.swift; sourceTree = "<group>"; };
		FF54E4BD1C04A74700914A86 /* RxHttpUtils.swift */ = {isa = PBXFileReference; fileEncoding = 4; lastKnownFileType = sourcecode.swift; path = RxHttpUtils.swift; sourceTree = "<group>"; };
		FF54E4BF1C04A76900914A86 /* HttpMethod.swift */ = {isa = PBXFileReference; fileEncoding = 4; lastKnownFileType = sourcecode.swift; path = HttpMethod.swift; sourceTree = "<group>"; };
		FF54E4C11C04A78000914A86 /* DefaultRxHttpClient.swift */ = {isa = PBXFileReference; fileEncoding = 4; lastKnownFileType = sourcecode.swift; path = DefaultRxHttpClient.swift; sourceTree = "<group>"; };
		FF7F4A141C1DF99C00A84CBE /* SliderSample.storyboard */ = {isa = PBXFileReference; fileEncoding = 4; lastKnownFileType = file.storyboard; path = SliderSample.storyboard; sourceTree = "<group>"; };
		FF7F4A161C1DFA5300A84CBE /* SliderSampleViewController.swift */ = {isa = PBXFileReference; fileEncoding = 4; lastKnownFileType = sourcecode.swift; path = SliderSampleViewController.swift; sourceTree = "<group>"; };
		FFAAA4691D1B054200B52537 /* ThumbnailSampleViewController.swift */ = {isa = PBXFileReference; fileEncoding = 4; lastKnownFileType = sourcecode.swift; path = ThumbnailSampleViewController.swift; sourceTree = "<group>"; };
		FFAAA46B1D1B056200B52537 /* ThumbnailSample.storyboard */ = {isa = PBXFileReference; fileEncoding = 4; lastKnownFileType = file.storyboard; path = ThumbnailSample.storyboard; sourceTree = "<group>"; };
		FFAAA46D1D1B081600B52537 /* ThumbnailCell.xib */ = {isa = PBXFileReference; fileEncoding = 4; lastKnownFileType = file.xib; path = ThumbnailCell.xib; sourceTree = "<group>"; };
		FFAAA46F1D1B091800B52537 /* ThumbnailCell.swift */ = {isa = PBXFileReference; fileEncoding = 4; lastKnownFileType = sourcecode.swift; path = ThumbnailCell.swift; sourceTree = "<group>"; };
		FFAAA4711D1B0B7E00B52537 /* UIUtils.swift */ = {isa = PBXFileReference; fileEncoding = 4; lastKnownFileType = sourcecode.swift; path = UIUtils.swift; sourceTree = "<group>"; };
		FFB245811C1DDCF7003AA3BE /* ButtonSample.storyboard */ = {isa = PBXFileReference; fileEncoding = 4; lastKnownFileType = file.storyboard; path = ButtonSample.storyboard; sourceTree = "<group>"; };
		FFB245831C1DDD97003AA3BE /* ButtonSampleViewController.swift */ = {isa = PBXFileReference; fileEncoding = 4; lastKnownFileType = sourcecode.swift; path = ButtonSampleViewController.swift; sourceTree = "<group>"; };
		FFB245851C1DE381003AA3BE /* StoryBoard.swift */ = {isa = PBXFileReference; fileEncoding = 4; lastKnownFileType = sourcecode.swift; path = StoryBoard.swift; sourceTree = "<group>"; };
		FFB245881C1DE8AD003AA3BE /* TextFieldSample.storyboard */ = {isa = PBXFileReference; fileEncoding = 4; lastKnownFileType = file.storyboard; path = TextFieldSample.storyboard; sourceTree = "<group>"; };
		FFB2458A1C1DE8BE003AA3BE /* TextFieldSampleViewController.swift */ = {isa = PBXFileReference; fileEncoding = 4; lastKnownFileType = sourcecode.swift; path = TextFieldSampleViewController.swift; sourceTree = "<group>"; };
		FFD1D0BD1C032D9500FDA882 /* rxswift-examples.app */ = {isa = PBXFileReference; explicitFileType = wrapper.application; includeInIndex = 0; path = "rxswift-examples.app"; sourceTree = BUILT_PRODUCTS_DIR; };
		FFD1D0C01C032D9500FDA882 /* AppDelegate.swift */ = {isa = PBXFileReference; lastKnownFileType = sourcecode.swift; path = AppDelegate.swift; sourceTree = "<group>"; };
		FFD1D0C21C032D9500FDA882 /* ViewController.swift */ = {isa = PBXFileReference; lastKnownFileType = sourcecode.swift; path = ViewController.swift; sourceTree = "<group>"; };
		FFD1D0C51C032D9500FDA882 /* Base */ = {isa = PBXFileReference; lastKnownFileType = file.storyboard; name = Base; path = Base.lproj/Main.storyboard; sourceTree = "<group>"; };
		FFD1D0C71C032D9500FDA882 /* Assets.xcassets */ = {isa = PBXFileReference; lastKnownFileType = folder.assetcatalog; path = Assets.xcassets; sourceTree = "<group>"; };
		FFD1D0CA1C032D9500FDA882 /* Base */ = {isa = PBXFileReference; lastKnownFileType = file.storyboard; name = Base; path = Base.lproj/LaunchScreen.storyboard; sourceTree = "<group>"; };
		FFD1D0CC1C032D9500FDA882 /* Info.plist */ = {isa = PBXFileReference; lastKnownFileType = text.plist.xml; path = Info.plist; sourceTree = "<group>"; };
		FFD1D0D11C032D9500FDA882 /* rxswift-examplesTests.xctest */ = {isa = PBXFileReference; explicitFileType = wrapper.cfbundle; includeInIndex = 0; path = "rxswift-examplesTests.xctest"; sourceTree = BUILT_PRODUCTS_DIR; };
		FFD1D0D51C032D9500FDA882 /* rxswift_examplesTests.swift */ = {isa = PBXFileReference; lastKnownFileType = sourcecode.swift; path = rxswift_examplesTests.swift; sourceTree = "<group>"; };
		FFD1D0D71C032D9500FDA882 /* Info.plist */ = {isa = PBXFileReference; lastKnownFileType = text.plist.xml; path = Info.plist; sourceTree = "<group>"; };
/* End PBXFileReference section */

/* Begin PBXFrameworksBuildPhase section */
		FFD1D0BA1C032D9500FDA882 /* Frameworks */ = {
			isa = PBXFrameworksBuildPhase;
			buildActionMask = 2147483647;
			files = (
				C8DE9AF0366CC7E3FFD1A44E /* Pods_rxswift_examples.framework in Frameworks */,
			);
			runOnlyForDeploymentPostprocessing = 0;
		};
		FFD1D0CE1C032D9500FDA882 /* Frameworks */ = {
			isa = PBXFrameworksBuildPhase;
			buildActionMask = 2147483647;
			files = (
				68599F66185CFFA681CC5399 /* Pods_rxswift_examplesTests.framework in Frameworks */,
			);
			runOnlyForDeploymentPostprocessing = 0;
		};
/* End PBXFrameworksBuildPhase section */

/* Begin PBXGroup section */
		E2040169CA71658D21D3411B /* Frameworks */ = {
			isa = PBXGroup;
			children = (
				4FADA626FC622E3C45106CF3 /* Pods_rxswift_examples.framework */,
				395BDD6CFB8E6896EC2514EC /* Pods_rxswift_examplesTests.framework */,
			);
			name = Frameworks;
			sourceTree = "<group>";
		};
		FE6CBEA0604859A441C88E5F /* Pods */ = {
			isa = PBXGroup;
			children = (
				73C34CDE290FF95D53500550 /* Pods-rxswift-examples.debug.xcconfig */,
				C0807C7A2C22D67CF2CEF144 /* Pods-rxswift-examples.release.xcconfig */,
				3EA4A085C356A60D185C8FD7 /* Pods-rxswift-examplesTests.debug.xcconfig */,
				1D48A32CDF98C43A04D66F7E /* Pods-rxswift-examplesTests.release.xcconfig */,
			);
			name = Pods;
			sourceTree = "<group>";
		};
		FF54E4B31C04A5C200914A86 /* Application */ = {
			isa = PBXGroup;
			children = (
				FFD1D0C01C032D9500FDA882 /* AppDelegate.swift */,
			);
			path = Application;
			sourceTree = "<group>";
		};
		FF54E4B41C04A5C700914A86 /* UI */ = {
			isa = PBXGroup;
			children = (
				FFB245801C1DDCDD003AA3BE /* ButtonSample */,
				FF54E4B71C04A5FC00914A86 /* Main */,
				FF7F4A131C1DF98A00A84CBE /* SliderSample */,
				FFB245871C1DE895003AA3BE /* TextFieldSample */,
				FFAAA4681D1B04F000B52537 /* ThumbnailSample */,
				FFD1D0C71C032D9500FDA882 /* Assets.xcassets */,
				FFD1D0C91C032D9500FDA882 /* LaunchScreen.storyboard */,
				FFB245851C1DE381003AA3BE /* StoryBoard.swift */,
				FFAAA4711D1B0B7E00B52537 /* UIUtils.swift */,
			);
			path = UI;
			sourceTree = "<group>";
		};
		FF54E4B51C04A5CB00914A86 /* Domain */ = {
			isa = PBXGroup;
			children = (
			);
			path = Domain;
			sourceTree = "<group>";
		};
		FF54E4B61C04A5D000914A86 /* Infrastructure */ = {
			isa = PBXGroup;
			children = (
				FF54E4B81C04A6EF00914A86 /* Http */,
			);
			path = Infrastructure;
			sourceTree = "<group>";
		};
		FF54E4B71C04A5FC00914A86 /* Main */ = {
			isa = PBXGroup;
			children = (
				FFD1D0C41C032D9500FDA882 /* Main.storyboard */,
				FFD1D0C21C032D9500FDA882 /* ViewController.swift */,
			);
			path = Main;
			sourceTree = "<group>";
		};
		FF54E4B81C04A6EF00914A86 /* Http */ = {
			isa = PBXGroup;
			children = (
				FF54E4C11C04A78000914A86 /* DefaultRxHttpClient.swift */,
				FF54E4BF1C04A76900914A86 /* HttpMethod.swift */,
				FF54E4BB1C04A71E00914A86 /* RxHttpClient.swift */,
				FF54E4BD1C04A74700914A86 /* RxHttpUtils.swift */,
			);
			path = Http;
			sourceTree = "<group>";
		};
		FF7F4A131C1DF98A00A84CBE /* SliderSample */ = {
			isa = PBXGroup;
			children = (
				FF7F4A141C1DF99C00A84CBE /* SliderSample.storyboard */,
				FF7F4A161C1DFA5300A84CBE /* SliderSampleViewController.swift */,
			);
			path = SliderSample;
			sourceTree = "<group>";
		};
		FFAAA4681D1B04F000B52537 /* ThumbnailSample */ = {
			isa = PBXGroup;
			children = (
				FFAAA46F1D1B091800B52537 /* ThumbnailCell.swift */,
				FFAAA46D1D1B081600B52537 /* ThumbnailCell.xib */,
				FFAAA46B1D1B056200B52537 /* ThumbnailSample.storyboard */,
				FFAAA4691D1B054200B52537 /* ThumbnailSampleViewController.swift */,
			);
			path = ThumbnailSample;
			sourceTree = "<group>";
		};
		FFB245801C1DDCDD003AA3BE /* ButtonSample */ = {
			isa = PBXGroup;
			children = (
				FFB245811C1DDCF7003AA3BE /* ButtonSample.storyboard */,
				FFB245831C1DDD97003AA3BE /* ButtonSampleViewController.swift */,
			);
			path = ButtonSample;
			sourceTree = "<group>";
		};
		FFB245871C1DE895003AA3BE /* TextFieldSample */ = {
			isa = PBXGroup;
			children = (
				FFB245881C1DE8AD003AA3BE /* TextFieldSample.storyboard */,
				FFB2458A1C1DE8BE003AA3BE /* TextFieldSampleViewController.swift */,
			);
			path = TextFieldSample;
			sourceTree = "<group>";
		};
		FFD1D0B41C032D9500FDA882 = {
			isa = PBXGroup;
			children = (
				FFD1D0BE1C032D9500FDA882 /* Products */,
				FFD1D0BF1C032D9500FDA882 /* rxswift-examples */,
				FFD1D0D41C032D9500FDA882 /* rxswift-examplesTests */,
				FE6CBEA0604859A441C88E5F /* Pods */,
				E2040169CA71658D21D3411B /* Frameworks */,
			);
			sourceTree = "<group>";
		};
		FFD1D0BE1C032D9500FDA882 /* Products */ = {
			isa = PBXGroup;
			children = (
				FFD1D0BD1C032D9500FDA882 /* rxswift-examples.app */,
				FFD1D0D11C032D9500FDA882 /* rxswift-examplesTests.xctest */,
			);
			name = Products;
			sourceTree = "<group>";
		};
		FFD1D0BF1C032D9500FDA882 /* rxswift-examples */ = {
			isa = PBXGroup;
			children = (
				FF54E4B31C04A5C200914A86 /* Application */,
				FF54E4B51C04A5CB00914A86 /* Domain */,
				FF54E4B61C04A5D000914A86 /* Infrastructure */,
				FF54E4B41C04A5C700914A86 /* UI */,
				FFD1D0CC1C032D9500FDA882 /* Info.plist */,
			);
			path = "rxswift-examples";
			sourceTree = "<group>";
		};
		FFD1D0D41C032D9500FDA882 /* rxswift-examplesTests */ = {
			isa = PBXGroup;
			children = (
				FFD1D0D71C032D9500FDA882 /* Info.plist */,
				FFD1D0D51C032D9500FDA882 /* rxswift_examplesTests.swift */,
			);
			path = "rxswift-examplesTests";
			sourceTree = "<group>";
		};
/* End PBXGroup section */

/* Begin PBXNativeTarget section */
		FFD1D0BC1C032D9500FDA882 /* rxswift-examples */ = {
			isa = PBXNativeTarget;
			buildConfigurationList = FFD1D0DA1C032D9500FDA882 /* Build configuration list for PBXNativeTarget "rxswift-examples" */;
			buildPhases = (
				D514F5446521A4DA80007BD3 /* [CP] Check Pods Manifest.lock */,
				FFD1D0B91C032D9500FDA882 /* Sources */,
				FFD1D0BA1C032D9500FDA882 /* Frameworks */,
				FFD1D0BB1C032D9500FDA882 /* Resources */,
				B50A724E9481C91883D1397D /* [CP] Embed Pods Frameworks */,
				0A29D26A69047C95C3060EAF /* [CP] Copy Pods Resources */,
			);
			buildRules = (
			);
			dependencies = (
			);
			name = "rxswift-examples";
			productName = "rxswift-examples";
			productReference = FFD1D0BD1C032D9500FDA882 /* rxswift-examples.app */;
			productType = "com.apple.product-type.application";
		};
		FFD1D0D01C032D9500FDA882 /* rxswift-examplesTests */ = {
			isa = PBXNativeTarget;
			buildConfigurationList = FFD1D0DD1C032D9500FDA882 /* Build configuration list for PBXNativeTarget "rxswift-examplesTests" */;
			buildPhases = (
				A9DE28ACA4588C857C541359 /* [CP] Check Pods Manifest.lock */,
				FFD1D0CD1C032D9500FDA882 /* Sources */,
				FFD1D0CE1C032D9500FDA882 /* Frameworks */,
				FFD1D0CF1C032D9500FDA882 /* Resources */,
				5AED816CA9B93F4A9066D26B /* [CP] Embed Pods Frameworks */,
				449781FF1383C55DC7526223 /* [CP] Copy Pods Resources */,
			);
			buildRules = (
			);
			dependencies = (
				FFD1D0D31C032D9500FDA882 /* PBXTargetDependency */,
			);
			name = "rxswift-examplesTests";
			productName = "rxswift-examplesTests";
			productReference = FFD1D0D11C032D9500FDA882 /* rxswift-examplesTests.xctest */;
			productType = "com.apple.product-type.bundle.unit-test";
		};
/* End PBXNativeTarget section */

/* Begin PBXProject section */
		FFD1D0B51C032D9500FDA882 /* Project object */ = {
			isa = PBXProject;
			attributes = {
				LastSwiftUpdateCheck = 0710;
				LastUpgradeCheck = 0710;
				ORGANIZATIONNAME = 53ningen;
				TargetAttributes = {
					FFD1D0BC1C032D9500FDA882 = {
						CreatedOnToolsVersion = 7.1;
					};
					FFD1D0D01C032D9500FDA882 = {
						CreatedOnToolsVersion = 7.1;
						TestTargetID = FFD1D0BC1C032D9500FDA882;
					};
				};
			};
			buildConfigurationList = FFD1D0B81C032D9500FDA882 /* Build configuration list for PBXProject "rxswift-examples" */;
			compatibilityVersion = "Xcode 3.2";
			developmentRegion = English;
			hasScannedForEncodings = 0;
			knownRegions = (
				en,
				Base,
			);
			mainGroup = FFD1D0B41C032D9500FDA882;
			productRefGroup = FFD1D0BE1C032D9500FDA882 /* Products */;
			projectDirPath = "";
			projectRoot = "";
			targets = (
				FFD1D0BC1C032D9500FDA882 /* rxswift-examples */,
				FFD1D0D01C032D9500FDA882 /* rxswift-examplesTests */,
			);
		};
/* End PBXProject section */

/* Begin PBXResourcesBuildPhase section */
		FFD1D0BB1C032D9500FDA882 /* Resources */ = {
			isa = PBXResourcesBuildPhase;
			buildActionMask = 2147483647;
			files = (
				FFB245821C1DDCF7003AA3BE /* ButtonSample.storyboard in Resources */,
				FFD1D0CB1C032D9500FDA882 /* LaunchScreen.storyboard in Resources */,
				FFB245891C1DE8AD003AA3BE /* TextFieldSample.storyboard in Resources */,
				FF7F4A151C1DF99C00A84CBE /* SliderSample.storyboard in Resources */,
				FFD1D0C81C032D9500FDA882 /* Assets.xcassets in Resources */,
				FFD1D0C61C032D9500FDA882 /* Main.storyboard in Resources */,
				FFAAA46E1D1B081600B52537 /* ThumbnailCell.xib in Resources */,
				FFAAA46C1D1B056200B52537 /* ThumbnailSample.storyboard in Resources */,
			);
			runOnlyForDeploymentPostprocessing = 0;
		};
		FFD1D0CF1C032D9500FDA882 /* Resources */ = {
			isa = PBXResourcesBuildPhase;
			buildActionMask = 2147483647;
			files = (
			);
			runOnlyForDeploymentPostprocessing = 0;
		};
/* End PBXResourcesBuildPhase section */

/* Begin PBXShellScriptBuildPhase section */
		0A29D26A69047C95C3060EAF /* [CP] Copy Pods Resources */ = {
			isa = PBXShellScriptBuildPhase;
			buildActionMask = 2147483647;
			files = (
			);
			inputPaths = (
			);
			name = "[CP] Copy Pods Resources";
			outputPaths = (
			);
			runOnlyForDeploymentPostprocessing = 0;
			shellPath = /bin/sh;
			shellScript = "\"${SRCROOT}/Pods/Target Support Files/Pods-rxswift-examples/Pods-rxswift-examples-resources.sh\"\n";
			showEnvVarsInLog = 0;
		};
		449781FF1383C55DC7526223 /* [CP] Copy Pods Resources */ = {
			isa = PBXShellScriptBuildPhase;
			buildActionMask = 2147483647;
			files = (
			);
			inputPaths = (
			);
			name = "[CP] Copy Pods Resources";
			outputPaths = (
			);
			runOnlyForDeploymentPostprocessing = 0;
			shellPath = /bin/sh;
			shellScript = "\"${SRCROOT}/Pods/Target Support Files/Pods-rxswift-examplesTests/Pods-rxswift-examplesTests-resources.sh\"\n";
			showEnvVarsInLog = 0;
		};
		5AED816CA9B93F4A9066D26B /* [CP] Embed Pods Frameworks */ = {
			isa = PBXShellScriptBuildPhase;
			buildActionMask = 2147483647;
			files = (
			);
			inputPaths = (
			);
			name = "[CP] Embed Pods Frameworks";
			outputPaths = (
			);
			runOnlyForDeploymentPostprocessing = 0;
			shellPath = /bin/sh;
			shellScript = "\"${SRCROOT}/Pods/Target Support Files/Pods-rxswift-examplesTests/Pods-rxswift-examplesTests-frameworks.sh\"\n";
			showEnvVarsInLog = 0;
		};
		A9DE28ACA4588C857C541359 /* [CP] Check Pods Manifest.lock */ = {
			isa = PBXShellScriptBuildPhase;
			buildActionMask = 2147483647;
			files = (
			);
			inputPaths = (
			);
			name = "[CP] Check Pods Manifest.lock";
			outputPaths = (
			);
			runOnlyForDeploymentPostprocessing = 0;
			shellPath = /bin/sh;
			shellScript = "diff \"${PODS_ROOT}/../Podfile.lock\" \"${PODS_ROOT}/Manifest.lock\" > /dev/null\nif [[ $? != 0 ]] ; then\n    cat << EOM\nerror: The sandbox is not in sync with the Podfile.lock. Run 'pod install' or update your CocoaPods installation.\nEOM\n    exit 1\nfi\n";
			showEnvVarsInLog = 0;
		};
		B50A724E9481C91883D1397D /* [CP] Embed Pods Frameworks */ = {
			isa = PBXShellScriptBuildPhase;
			buildActionMask = 2147483647;
			files = (
			);
			inputPaths = (
			);
			name = "[CP] Embed Pods Frameworks";
			outputPaths = (
			);
			runOnlyForDeploymentPostprocessing = 0;
			shellPath = /bin/sh;
			shellScript = "\"${SRCROOT}/Pods/Target Support Files/Pods-rxswift-examples/Pods-rxswift-examples-frameworks.sh\"\n";
			showEnvVarsInLog = 0;
		};
		D514F5446521A4DA80007BD3 /* [CP] Check Pods Manifest.lock */ = {
			isa = PBXShellScriptBuildPhase;
			buildActionMask = 2147483647;
			files = (
			);
			inputPaths = (
			);
			name = "[CP] Check Pods Manifest.lock";
			outputPaths = (
			);
			runOnlyForDeploymentPostprocessing = 0;
			shellPath = /bin/sh;
			shellScript = "diff \"${PODS_ROOT}/../Podfile.lock\" \"${PODS_ROOT}/Manifest.lock\" > /dev/null\nif [[ $? != 0 ]] ; then\n    cat << EOM\nerror: The sandbox is not in sync with the Podfile.lock. Run 'pod install' or update your CocoaPods installation.\nEOM\n    exit 1\nfi\n";
			showEnvVarsInLog = 0;
		};
/* End PBXShellScriptBuildPhase section */

/* Begin PBXSourcesBuildPhase section */
		FFD1D0B91C032D9500FDA882 /* Sources */ = {
			isa = PBXSourcesBuildPhase;
			buildActionMask = 2147483647;
			files = (
				FFAAA4721D1B0B7E00B52537 /* UIUtils.swift in Sources */,
				FF7F4A171C1DFA5300A84CBE /* SliderSampleViewController.swift in Sources */,
				FFD1D0C31C032D9500FDA882 /* ViewController.swift in Sources */,
				FFB245841C1DDD97003AA3BE /* ButtonSampleViewController.swift in Sources */,
				FFD1D0C11C032D9500FDA882 /* AppDelegate.swift in Sources */,
				FF54E4C21C04A78000914A86 /* DefaultRxHttpClient.swift in Sources */,
				FFAAA46A1D1B054200B52537 /* ThumbnailSampleViewController.swift in Sources */,
				FFAAA4701D1B091800B52537 /* ThumbnailCell.swift in Sources */,
				FFB245861C1DE381003AA3BE /* StoryBoard.swift in Sources */,
				FF54E4C01C04A76900914A86 /* HttpMethod.swift in Sources */,
				FFB2458B1C1DE8BE003AA3BE /* TextFieldSampleViewController.swift in Sources */,
				FF54E4BC1C04A71E00914A86 /* RxHttpClient.swift in Sources */,
				FF54E4BE1C04A74700914A86 /* RxHttpUtils.swift in Sources */,
			);
			runOnlyForDeploymentPostprocessing = 0;
		};
		FFD1D0CD1C032D9500FDA882 /* Sources */ = {
			isa = PBXSourcesBuildPhase;
			buildActionMask = 2147483647;
			files = (
				FFD1D0D61C032D9500FDA882 /* rxswift_examplesTests.swift in Sources */,
			);
			runOnlyForDeploymentPostprocessing = 0;
		};
/* End PBXSourcesBuildPhase section */

/* Begin PBXTargetDependency section */
		FFD1D0D31C032D9500FDA882 /* PBXTargetDependency */ = {
			isa = PBXTargetDependency;
			target = FFD1D0BC1C032D9500FDA882 /* rxswift-examples */;
			targetProxy = FFD1D0D21C032D9500FDA882 /* PBXContainerItemProxy */;
		};
/* End PBXTargetDependency section */

/* Begin PBXVariantGroup section */
		FFD1D0C41C032D9500FDA882 /* Main.storyboard */ = {
			isa = PBXVariantGroup;
			children = (
				FFD1D0C51C032D9500FDA882 /* Base */,
			);
			name = Main.storyboard;
			path = .;
			sourceTree = "<group>";
		};
		FFD1D0C91C032D9500FDA882 /* LaunchScreen.storyboard */ = {
			isa = PBXVariantGroup;
			children = (
				FFD1D0CA1C032D9500FDA882 /* Base */,
			);
			name = LaunchScreen.storyboard;
			path = .;
			sourceTree = "<group>";
		};
/* End PBXVariantGroup section */

/* Begin XCBuildConfiguration section */
		FFD1D0D81C032D9500FDA882 /* Debug */ = {
			isa = XCBuildConfiguration;
			buildSettings = {
				ALWAYS_SEARCH_USER_PATHS = NO;
				CLANG_CXX_LANGUAGE_STANDARD = "gnu++0x";
				CLANG_CXX_LIBRARY = "libc++";
				CLANG_ENABLE_MODULES = YES;
				CLANG_ENABLE_OBJC_ARC = YES;
				CLANG_WARN_BOOL_CONVERSION = YES;
				CLANG_WARN_CONSTANT_CONVERSION = YES;
				CLANG_WARN_DIRECT_OBJC_ISA_USAGE = YES_ERROR;
				CLANG_WARN_EMPTY_BODY = YES;
				CLANG_WARN_ENUM_CONVERSION = YES;
				CLANG_WARN_INT_CONVERSION = YES;
				CLANG_WARN_OBJC_ROOT_CLASS = YES_ERROR;
				CLANG_WARN_UNREACHABLE_CODE = YES;
				CLANG_WARN__DUPLICATE_METHOD_MATCH = YES;
				"CODE_SIGN_IDENTITY[sdk=iphoneos*]" = "iPhone Developer";
				COPY_PHASE_STRIP = NO;
				DEBUG_INFORMATION_FORMAT = dwarf;
				ENABLE_STRICT_OBJC_MSGSEND = YES;
				ENABLE_TESTABILITY = YES;
				GCC_C_LANGUAGE_STANDARD = gnu99;
				GCC_DYNAMIC_NO_PIC = NO;
				GCC_NO_COMMON_BLOCKS = YES;
				GCC_OPTIMIZATION_LEVEL = 0;
				GCC_PREPROCESSOR_DEFINITIONS = (
					"DEBUG=1",
					"$(inherited)",
				);
				GCC_WARN_64_TO_32_BIT_CONVERSION = YES;
				GCC_WARN_ABOUT_RETURN_TYPE = YES_ERROR;
				GCC_WARN_UNDECLARED_SELECTOR = YES;
				GCC_WARN_UNINITIALIZED_AUTOS = YES_AGGRESSIVE;
				GCC_WARN_UNUSED_FUNCTION = YES;
				GCC_WARN_UNUSED_VARIABLE = YES;
				IPHONEOS_DEPLOYMENT_TARGET = 8.0;
				MTL_ENABLE_DEBUG_INFO = YES;
				ONLY_ACTIVE_ARCH = YES;
				SDKROOT = iphoneos;
				SWIFT_OPTIMIZATION_LEVEL = "-Onone";
				TARGETED_DEVICE_FAMILY = "1,2";
			};
			name = Debug;
		};
		FFD1D0D91C032D9500FDA882 /* Release */ = {
			isa = XCBuildConfiguration;
			buildSettings = {
				ALWAYS_SEARCH_USER_PATHS = NO;
				CLANG_CXX_LANGUAGE_STANDARD = "gnu++0x";
				CLANG_CXX_LIBRARY = "libc++";
				CLANG_ENABLE_MODULES = YES;
				CLANG_ENABLE_OBJC_ARC = YES;
				CLANG_WARN_BOOL_CONVERSION = YES;
				CLANG_WARN_CONSTANT_CONVERSION = YES;
				CLANG_WARN_DIRECT_OBJC_ISA_USAGE = YES_ERROR;
				CLANG_WARN_EMPTY_BODY = YES;
				CLANG_WARN_ENUM_CONVERSION = YES;
				CLANG_WARN_INT_CONVERSION = YES;
				CLANG_WARN_OBJC_ROOT_CLASS = YES_ERROR;
				CLANG_WARN_UNREACHABLE_CODE = YES;
				CLANG_WARN__DUPLICATE_METHOD_MATCH = YES;
				"CODE_SIGN_IDENTITY[sdk=iphoneos*]" = "iPhone Developer";
				COPY_PHASE_STRIP = NO;
				DEBUG_INFORMATION_FORMAT = "dwarf-with-dsym";
				ENABLE_NS_ASSERTIONS = NO;
				ENABLE_STRICT_OBJC_MSGSEND = YES;
				GCC_C_LANGUAGE_STANDARD = gnu99;
				GCC_NO_COMMON_BLOCKS = YES;
				GCC_WARN_64_TO_32_BIT_CONVERSION = YES;
				GCC_WARN_ABOUT_RETURN_TYPE = YES_ERROR;
				GCC_WARN_UNDECLARED_SELECTOR = YES;
				GCC_WARN_UNINITIALIZED_AUTOS = YES_AGGRESSIVE;
				GCC_WARN_UNUSED_FUNCTION = YES;
				GCC_WARN_UNUSED_VARIABLE = YES;
				IPHONEOS_DEPLOYMENT_TARGET = 8.0;
				MTL_ENABLE_DEBUG_INFO = NO;
				SDKROOT = iphoneos;
				TARGETED_DEVICE_FAMILY = "1,2";
				VALIDATE_PRODUCT = YES;
			};
			name = Release;
		};
		FFD1D0DB1C032D9500FDA882 /* Debug */ = {
			isa = XCBuildConfiguration;
			baseConfigurationReference = 73C34CDE290FF95D53500550 /* Pods-rxswift-examples.debug.xcconfig */;
			buildSettings = {
				ASSETCATALOG_COMPILER_APPICON_NAME = AppIcon;
				CODE_SIGN_IDENTITY = "iPhone Developer";
				INFOPLIST_FILE = "rxswift-examples/Info.plist";
				LD_RUNPATH_SEARCH_PATHS = "$(inherited) @executable_path/Frameworks";
				PRODUCT_BUNDLE_IDENTIFIER = "com.github.53ningen.rxswift-examples";
				PRODUCT_NAME = "$(TARGET_NAME)";
			};
			name = Debug;
		};
		FFD1D0DC1C032D9500FDA882 /* Release */ = {
			isa = XCBuildConfiguration;
			baseConfigurationReference = C0807C7A2C22D67CF2CEF144 /* Pods-rxswift-examples.release.xcconfig */;
			buildSettings = {
				ASSETCATALOG_COMPILER_APPICON_NAME = AppIcon;
				CODE_SIGN_IDENTITY = "iPhone Developer";
				INFOPLIST_FILE = "rxswift-examples/Info.plist";
				LD_RUNPATH_SEARCH_PATHS = "$(inherited) @executable_path/Frameworks";
				PRODUCT_BUNDLE_IDENTIFIER = "com.github.53ningen.rxswift-examples";
				PRODUCT_NAME = "$(TARGET_NAME)";
			};
			name = Release;
		};
		FFD1D0DE1C032D9500FDA882 /* Debug */ = {
			isa = XCBuildConfiguration;
			baseConfigurationReference = 3EA4A085C356A60D185C8FD7 /* Pods-rxswift-examplesTests.debug.xcconfig */;
			buildSettings = {
				BUNDLE_LOADER = "$(TEST_HOST)";
				INFOPLIST_FILE = "rxswift-examplesTests/Info.plist";
				LD_RUNPATH_SEARCH_PATHS = "$(inherited) @executable_path/Frameworks @loader_path/Frameworks";
				PRODUCT_BUNDLE_IDENTIFIER = "com.github.53ningen.rxswift-examplesTests";
				PRODUCT_NAME = "$(TARGET_NAME)";
				TEST_HOST = "$(BUILT_PRODUCTS_DIR)/rxswift-examples.app/rxswift-examples";
			};
			name = Debug;
		};
		FFD1D0DF1C032D9500FDA882 /* Release */ = {
			isa = XCBuildConfiguration;
			baseConfigurationReference = 1D48A32CDF98C43A04D66F7E /* Pods-rxswift-examplesTests.release.xcconfig */;
			buildSettings = {
				BUNDLE_LOADER = "$(TEST_HOST)";
				INFOPLIST_FILE = "rxswift-examplesTests/Info.plist";
				LD_RUNPATH_SEARCH_PATHS = "$(inherited) @executable_path/Frameworks @loader_path/Frameworks";
				PRODUCT_BUNDLE_IDENTIFIER = "com.github.53ningen.rxswift-examplesTests";
				PRODUCT_NAME = "$(TARGET_NAME)";
				TEST_HOST = "$(BUILT_PRODUCTS_DIR)/rxswift-examples.app/rxswift-examples";
			};
			name = Release;
		};
/* End XCBuildConfiguration section */

/* Begin XCConfigurationList section */
		FFD1D0B81C032D9500FDA882 /* Build configuration list for PBXProject "rxswift-examples" */ = {
			isa = XCConfigurationList;
			buildConfigurations = (
				FFD1D0D81C032D9500FDA882 /* Debug */,
				FFD1D0D91C032D9500FDA882 /* Release */,
			);
			defaultConfigurationIsVisible = 0;
			defaultConfigurationName = Release;
		};
		FFD1D0DA1C032D9500FDA882 /* Build configuration list for PBXNativeTarget "rxswift-examples" */ = {
			isa = XCConfigurationList;
			buildConfigurations = (
				FFD1D0DB1C032D9500FDA882 /* Debug */,
				FFD1D0DC1C032D9500FDA882 /* Release */,
			);
			defaultConfigurationIsVisible = 0;
			defaultConfigurationName = Release;
		};
		FFD1D0DD1C032D9500FDA882 /* Build configuration list for PBXNativeTarget "rxswift-examplesTests" */ = {
			isa = XCConfigurationList;
			buildConfigurations = (
				FFD1D0DE1C032D9500FDA882 /* Debug */,
				FFD1D0DF1C032D9500FDA882 /* Release */,
			);
			defaultConfigurationIsVisible = 0;
			defaultConfigurationName = Release;
		};
/* End XCConfigurationList section */
	};
	rootObject = FFD1D0B51C032D9500FDA882 /* Project object */;
}
